
Microsoft Visual Studio Solution File, Format Version 12.00
# Visual Studio Version 17
VisualStudioVersion = 17.14.36414.22 d17.14
MinimumVisualStudioVersion = 10.0.40219.1
Project("{FAE04EC0-301F-11D3-BF4B-00C04F79EFBC}") = "Weight Converter", "Weight Converter\Weight Converter.csproj", "{6E543501-99E4-4C8F-8066-E5C8DA535BF2}"
EndProject
Global
	GlobalSection(SolutionConfigurationPlatforms) = preSolution
		Debug|Any CPU = Debug|Any CPU
		Release|Any CPU = Release|Any CPU
	EndGlobalSection
	GlobalSection(ProjectConfigurationPlatforms) = postSolution
		{6E543501-99E4-4C8F-8066-E5C8DA535BF2}.Debug|Any CPU.ActiveCfg = Debug|Any CPU
		{6E543501-99E4-4C8F-8066-E5C8DA535BF2}.Debug|Any CPU.Build.0 = Debug|Any CPU
		{6E543501-99E4-4C8F-8066-E5C8DA535BF2}.Release|Any CPU.ActiveCfg = Release|Any CPU
		{6E543501-99E4-4C8F-8066-E5C8DA535BF2}.Release|Any CPU.Build.0 = Release|Any CPU
	EndGlobalSection
	GlobalSection(SolutionProperties) = preSolution
		HideSolutionNode = FALSE
	EndGlobalSection
	GlobalSection(ExtensibilityGlobals) = postSolution
		SolutionGuid = {D7B216AD-B3FB-464A-BF7A-5E76735609C0}
	EndGlobalSection
EndGlobal
